
Microsoft Visual Studio Solution File, Format Version 12.00
# Visual Studio Version 16
VisualStudioVersion = 16.0.32630.194
MinimumVisualStudioVersion = 10.0.40219.1
Project("{FAE04EC0-301F-11D3-BF4B-00C04F79EFBC}") = "strings_jefferson", "strings_jefferson.csproj", "{1FC42DA1-6071-4C32-8712-704AF9C37D47}"
EndProject
Global
	GlobalSection(SolutionConfigurationPlatforms) = preSolution
		Debug|Any CPU = Debug|Any CPU
		Release|Any CPU = Release|Any CPU
	EndGlobalSection
	GlobalSection(ProjectConfigurationPlatforms) = postSolution
		{1FC42DA1-6071-4C32-8712-704AF9C37D47}.Debug|Any CPU.ActiveCfg = Debug|Any CPU
		{1FC42DA1-6071-4C32-8712-704AF9C37D47}.Debug|Any CPU.Build.0 = Debug|Any CPU
		{1FC42DA1-6071-4C32-8712-704AF9C37D47}.Release|Any CPU.ActiveCfg = Release|Any CPU
		{1FC42DA1-6071-4C32-8712-704AF9C37D47}.Release|Any CPU.Build.0 = Release|Any CPU
	EndGlobalSection
	GlobalSection(SolutionProperties) = preSolution
		HideSolutionNode = FALSE
	EndGlobalSection
	GlobalSection(ExtensibilityGlobals) = postSolution
		SolutionGuid = {158139C9-A1B1-4711-A20E-3552E9D988DD}
	EndGlobalSection
EndGlobal
